
Microsoft Visual Studio Solution File, Format Version 12.00
# Visual Studio Version 17
VisualStudioVersion = 17.10.35027.167
MinimumVisualStudioVersion = 10.0.40219.1
Project("{FAE04EC0-301F-11D3-BF4B-00C04F79EFBC}") = "Workshop.App", "Workshop.App\Workshop.App.csproj", "{983F2830-5B5D-4F8A-8837-F548A33990BE}"
EndProject
Global
	GlobalSection(SolutionConfigurationPlatforms) = preSolution
		Debug|Any CPU = Debug|Any CPU
		Release|Any CPU = Release|Any CPU
	EndGlobalSection
	GlobalSection(ProjectConfigurationPlatforms) = postSolution
		{983F2830-5B5D-4F8A-8837-F548A33990BE}.Debug|Any CPU.ActiveCfg = Debug|Any CPU
		{983F2830-5B5D-4F8A-8837-F548A33990BE}.Debug|Any CPU.Build.0 = Debug|Any CPU
		{983F2830-5B5D-4F8A-8837-F548A33990BE}.Debug|Any CPU.Deploy.0 = Debug|Any CPU
		{983F2830-5B5D-4F8A-8837-F548A33990BE}.Release|Any CPU.ActiveCfg = Release|Any CPU
		{983F2830-5B5D-4F8A-8837-F548A33990BE}.Release|Any CPU.Build.0 = Release|Any CPU
		{983F2830-5B5D-4F8A-8837-F548A33990BE}.Release|Any CPU.Deploy.0 = Release|Any CPU
	EndGlobalSection
	GlobalSection(SolutionProperties) = preSolution
		HideSolutionNode = FALSE
	EndGlobalSection
	GlobalSection(ExtensibilityGlobals) = postSolution
		SolutionGuid = {5E832FF2-3239-45D2-9573-4D296079BE3E}
	EndGlobalSection
EndGlobal
